
Microsoft Visual Studio Solution File, Format Version 12.00
# Visual Studio Version 17
VisualStudioVersion = 17.8.34330.188
MinimumVisualStudioVersion = 10.0.40219.1
Project("{FAE04EC0-301F-11D3-BF4B-00C04F79EFBC}") = "Generic", "Generic.csproj", "{F49E6FB3-02BF-45DD-BDD2-12C1B05CA8B5}"
EndProject
Global
	GlobalSection(SolutionConfigurationPlatforms) = preSolution
		Debug|Any CPU = Debug|Any CPU
		Release|Any CPU = Release|Any CPU
	EndGlobalSection
	GlobalSection(ProjectConfigurationPlatforms) = postSolution
		{F49E6FB3-02BF-45DD-BDD2-12C1B05CA8B5}.Debug|Any CPU.ActiveCfg = Debug|Any CPU
		{F49E6FB3-02BF-45DD-BDD2-12C1B05CA8B5}.Debug|Any CPU.Build.0 = Debug|Any CPU
		{F49E6FB3-02BF-45DD-BDD2-12C1B05CA8B5}.Release|Any CPU.ActiveCfg = Release|Any CPU
		{F49E6FB3-02BF-45DD-BDD2-12C1B05CA8B5}.Release|Any CPU.Build.0 = Release|Any CPU
	EndGlobalSection
	GlobalSection(SolutionProperties) = preSolution
		HideSolutionNode = FALSE
	EndGlobalSection
	GlobalSection(ExtensibilityGlobals) = postSolution
		SolutionGuid = {A6B5D23F-7FC2-481E-A753-490DBBA6ACF3}
	EndGlobalSection
EndGlobal
